# This file is automatically @generated by Cargo.
# It is not intended for manual editing.
[[package]]
name = "autocfg"
version = "1.0.1"
source = "registry+https://github.com/rust-lang/crates.io-index"
checksum = "cdb031dd78e28731d87d56cc8ffef4a8f36ca26c38fe2de700543e627f8a464a"

[[package]]
name = "claim"
version = "0.4.0"
source = "registry+https://github.com/rust-lang/crates.io-index"
checksum = "68ad37958d55b29a7088909368968d2fe876a24c203f8441195130f3b15194b9"
dependencies = [
 "autocfg",
]

[[package]]
name = "either"
version = "1.6.1"
source = "registry+https://github.com/rust-lang/crates.io-index"
checksum = "e78d4f1cc4ae33bbfc157ed5d5a5ef3bc29227303d595861deb238fcec4e9457"

[[package]]
name = "itertools"
version = "0.9.0"
source = "registry+https://github.com/rust-lang/crates.io-index"
checksum = "284f18f85651fe11e8a991b2adb42cb078325c996ed026d994719efcfca1d54b"
dependencies = [
 "either",
]

[[package]]
name = "poker-combination-training"
version = "0.1.0"
dependencies = [
 "poker-lib",
]

[[package]]
name = "poker-lib"
version = "0.1.0"
source = "git+ssh://git@github.com/verrchu/poker-lib.git?tag=0.1.0#95f940a2523743712810a45cf71cf99973b3b93b"
dependencies = [
 "claim",
 "itertools",
]
